// !$*UTF8*$!
{
	archiveVersion = 1;
	classes = {
	};
	objectVersion = 46;
	objects = {

/* Begin PBXBuildFile section */
		180208411CF03C9000E506FB /* main.m in Sources */ = {isa = PBXBuildFile; fileRef = 180208401CF03C9000E506FB /* main.m */; };
		180208441CF03C9000E506FB /* AppDelegate.m in Sources */ = {isa = PBXBuildFile; fileRef = 180208431CF03C9000E506FB /* AppDelegate.m */; };
		180208471CF03C9000E506FB /* ViewController.m in Sources */ = {isa = PBXBuildFile; fileRef = 180208461CF03C9000E506FB /* ViewController.m */; };
		1802084A1CF03C9000E506FB /* Main.storyboard in Resources */ = {isa = PBXBuildFile; fileRef = 180208481CF03C9000E506FB /* Main.storyboard */; };
		1802084C1CF03C9000E506FB /* Assets.xcassets in Resources */ = {isa = PBXBuildFile; fileRef = 1802084B1CF03C9000E506FB /* Assets.xcassets */; };
		1802084F1CF03C9000E506FB /* LaunchScreen.storyboard in Resources */ = {isa = PBXBuildFile; fileRef = 1802084D1CF03C9000E506FB /* LaunchScreen.storyboard */; };
/* End PBXBuildFile section */

/* Begin PBXFileReference section */
		1802083C1CF03C9000E506FB /* 自定义系统菜单控件.app */ = {isa = PBXFileReference; explicitFileType = wrapper.application; includeInIndex = 0; path = "自定义系统菜单控件.app"; sourceTree = BUILT_PRODUCTS_DIR; };
		180208401CF03C9000E506FB /* main.m */ = {isa = PBXFileReference; lastKnownFileType = sourcecode.c.objc; path = main.m; sourceTree = "<group>"; };
		180208421CF03C9000E506FB /* AppDelegate.h */ = {isa = PBXFileReference; lastKnownFileType = sourcecode.c.h; name = AppDelegate.h; path = ../../AppDelegate.h; sourceTree = "<group>"; };
		180208431CF03C9000E506FB /* AppDelegate.m */ = {isa = PBXFileReference; lastKnownFileType = sourcecode.c.objc; name = AppDelegate.m; path = ../../AppDelegate.m; sourceTree = "<group>"; };
		180208451CF03C9000E506FB /* ViewController.h */ = {isa = PBXFileReference; lastKnownFileType = sourcecode.c.h; path = ViewController.h; sourceTree = "<group>"; };
		180208461CF03C9000E506FB /* ViewController.m */ = {isa = PBXFileReference; lastKnownFileType = sourcecode.c.objc; path = ViewController.m; sourceTree = "<group>"; };
		180208491CF03C9000E506FB /* Base */ = {isa = PBXFileReference; lastKnownFileType = file.storyboard; name = Base; path = Base.lproj/Main.storyboard; sourceTree = "<group>"; };
		1802084B1CF03C9000E506FB /* Assets.xcassets */ = {isa = PBXFileReference; lastKnownFileType = folder.assetcatalog; path = Assets.xcassets; sourceTree = "<group>"; };
		1802084E1CF03C9000E506FB /* Base */ = {isa = PBXFileReference; lastKnownFileType = file.storyboard; name = Base; path = Base.lproj/LaunchScreen.storyboard; sourceTree = "<group>"; };
		180208501CF03C9000E506FB /* Info.plist */ = {isa = PBXFileReference; lastKnownFileType = text.plist.xml; path = Info.plist; sourceTree = "<group>"; };
/* End PBXFileReference section */

/* Begin PBXFrameworksBuildPhase section */
		180208391CF03C9000E506FB /* Frameworks */ = {
			isa = PBXFrameworksBuildPhase;
			buildActionMask = 2147483647;
			files = (
			);
			runOnlyForDeploymentPostprocessing = 0;
		};
/* End PBXFrameworksBuildPhase section */

/* Begin PBXGroup section */
		180208331CF03C9000E506FB = {
			isa = PBXGroup;
			children = (
				1802083E1CF03C9000E506FB /* 自定义系统菜单控件 */,
				1802083D1CF03C9000E506FB /* Products */,
			);
			sourceTree = "<group>";
		};
		1802083D1CF03C9000E506FB /* Products */ = {
			isa = PBXGroup;
			children = (
				1802083C1CF03C9000E506FB /* 自定义系统菜单控件.app */,
			);
			name = Products;
			sourceTree = "<group>";
		};
		1802083E1CF03C9000E506FB /* 自定义系统菜单控件 */ = {
			isa = PBXGroup;
			children = (
				180208561CF03CDF00E506FB /* Class */,
				180208451CF03C9000E506FB /* ViewController.h */,
				180208461CF03C9000E506FB /* ViewController.m */,
				180208481CF03C9000E506FB /* Main.storyboard */,
				1802084B1CF03C9000E506FB /* Assets.xcassets */,
				1802084D1CF03C9000E506FB /* LaunchScreen.storyboard */,
				180208501CF03C9000E506FB /* Info.plist */,
				1802083F1CF03C9000E506FB /* Supporting Files */,
			);
			path = "自定义系统菜单控件";
			sourceTree = "<group>";
		};
		1802083F1CF03C9000E506FB /* Supporting Files */ = {
			isa = PBXGroup;
			children = (
				180208401CF03C9000E506FB /* main.m */,
			);
			name = "Supporting Files";
			sourceTree = "<group>";
		};
		180208561CF03CDF00E506FB /* Class */ = {
			isa = PBXGroup;
			children = (
				180208571CF03CDF00E506FB /* Controller */,
				180208581CF03CDF00E506FB /* Model */,
				180208591CF03CDF00E506FB /* View */,
				1802085A1CF03CFF00E506FB /* Other */,
			);
			path = Class;
			sourceTree = "<group>";
		};
		180208571CF03CDF00E506FB /* Controller */ = {
			isa = PBXGroup;
			children = (
			);
			path = Controller;
			sourceTree = "<group>";
		};
		180208581CF03CDF00E506FB /* Model */ = {
			isa = PBXGroup;
			children = (
			);
			path = Model;
			sourceTree = "<group>";
		};
		180208591CF03CDF00E506FB /* View */ = {
			isa = PBXGroup;
			children = (
			);
			path = View;
			sourceTree = "<group>";
		};
		1802085A1CF03CFF00E506FB /* Other */ = {
			isa = PBXGroup;
			children = (
				180208421CF03C9000E506FB /* AppDelegate.h */,
				180208431CF03C9000E506FB /* AppDelegate.m */,
			);
			path = Other;
			sourceTree = "<group>";
		};
/* End PBXGroup section */

/* Begin PBXNativeTarget section */
		1802083B1CF03C9000E506FB /* 自定义系统菜单控件 */ = {
			isa = PBXNativeTarget;
			buildConfigurationList = 180208531CF03C9000E506FB /* Build configuration list for PBXNativeTarget "自定义系统菜单控件" */;
			buildPhases = (
				180208381CF03C9000E506FB /* Sources */,
				180208391CF03C9000E506FB /* Frameworks */,
				1802083A1CF03C9000E506FB /* Resources */,
			);
			buildRules = (
			);
			dependencies = (
			);
			name = "自定义系统菜单控件";
			productName = "自定义系统菜单控件";
			productReference = 1802083C1CF03C9000E506FB /* 自定义系统菜单控件.app */;
			productType = "com.apple.product-type.application";
		};
/* End PBXNativeTarget section */

/* Begin PBXProject section */
		180208341CF03C9000E506FB /* Project object */ = {
			isa = PBXProject;
			attributes = {
				LastUpgradeCheck = 0730;
				ORGANIZATIONNAME = apple;
				TargetAttributes = {
					1802083B1CF03C9000E506FB = {
						CreatedOnToolsVersion = 7.3.1;
					};
				};
			};
			buildConfigurationList = 180208371CF03C9000E506FB /* Build configuration list for PBXProject "自定义系统菜单控件" */;
			compatibilityVersion = "Xcode 3.2";
			developmentRegion = English;
			hasScannedForEncodings = 0;
			knownRegions = (
				en,
				Base,
			);
			mainGroup = 180208331CF03C9000E506FB;
			productRefGroup = 1802083D1CF03C9000E506FB /* Products */;
			projectDirPath = "";
			projectRoot = "";
			targets = (
				1802083B1CF03C9000E506FB /* 自定义系统菜单控件 */,
			);
		};
/* End PBXProject section */

/* Begin PBXResourcesBuildPhase section */
		1802083A1CF03C9000E506FB /* Resources */ = {
			isa = PBXResourcesBuildPhase;
			buildActionMask = 2147483647;
			files = (
				1802084F1CF03C9000E506FB /* LaunchScreen.storyboard in Resources */,
				1802084C1CF03C9000E506FB /* Assets.xcassets in Resources */,
				1802084A1CF03C9000E506FB /* Main.storyboard in Resources */,
			);
			runOnlyForDeploymentPostprocessing = 0;
		};
/* End PBXResourcesBuildPhase section */

/* Begin PBXSourcesBuildPhase section */
		180208381CF03C9000E506FB /* Sources */ = {
			isa = PBXSourcesBuildPhase;
			buildActionMask = 2147483647;
			files = (
				180208471CF03C9000E506FB /* ViewController.m in Sources */,
				180208441CF03C9000E506FB /* AppDelegate.m in Sources */,
				180208411CF03C9000E506FB /* main.m in Sources */,
			);
			runOnlyForDeploymentPostprocessing = 0;
		};
/* End PBXSourcesBuildPhase section */

/* Begin PBXVariantGroup section */
		180208481CF03C9000E506FB /* Main.storyboard */ = {
			isa = PBXVariantGroup;
			children = (
				180208491CF03C9000E506FB /* Base */,
			);
			name = Main.storyboard;
			sourceTree = "<group>";
		};
		1802084D1CF03C9000E506FB /* LaunchScreen.storyboard */ = {
			isa = PBXVariantGroup;
			children = (
				1802084E1CF03C9000E506FB /* Base */,
			);
			name = LaunchScreen.storyboard;
			sourceTree = "<group>";
		};
/* End PBXVariantGroup section */

/* Begin XCBuildConfiguration section */
		180208511CF03C9000E506FB /* Debug */ = {
			isa = XCBuildConfiguration;
			buildSettings = {
				ALWAYS_SEARCH_USER_PATHS = NO;
				CLANG_ANALYZER_NONNULL = YES;
				CLANG_CXX_LANGUAGE_STANDARD = "gnu++0x";
				CLANG_CXX_LIBRARY = "libc++";
				CLANG_ENABLE_MODULES = YES;
				CLANG_ENABLE_OBJC_ARC = YES;
				CLANG_WARN_BOOL_CONVERSION = YES;
				CLANG_WARN_CONSTANT_CONVERSION = YES;
				CLANG_WARN_DIRECT_OBJC_ISA_USAGE = YES_ERROR;
				CLANG_WARN_EMPTY_BODY = YES;
				CLANG_WARN_ENUM_CONVERSION = YES;
				CLANG_WARN_INT_CONVERSION = YES;
				CLANG_WARN_OBJC_ROOT_CLASS = YES_ERROR;
				CLANG_WARN_UNREACHABLE_CODE = YES;
				CLANG_WARN__DUPLICATE_METHOD_MATCH = YES;
				"CODE_SIGN_IDENTITY[sdk=iphoneos*]" = "iPhone Developer";
				COPY_PHASE_STRIP = NO;
				DEBUG_INFORMATION_FORMAT = dwarf;
				ENABLE_STRICT_OBJC_MSGSEND = YES;
				ENABLE_TESTABILITY = YES;
				GCC_C_LANGUAGE_STANDARD = gnu99;
				GCC_DYNAMIC_NO_PIC = NO;
				GCC_NO_COMMON_BLOCKS = YES;
				GCC_OPTIMIZATION_LEVEL = 0;
				GCC_PREPROCESSOR_DEFINITIONS = (
					"DEBUG=1",
					"$(inherited)",
				);
				GCC_WARN_64_TO_32_BIT_CONVERSION = YES;
				GCC_WARN_ABOUT_RETURN_TYPE = YES_ERROR;
				GCC_WARN_UNDECLARED_SELECTOR = YES;
				GCC_WARN_UNINITIALIZED_AUTOS = YES_AGGRESSIVE;
				GCC_WARN_UNUSED_FUNCTION = YES;
				GCC_WARN_UNUSED_VARIABLE = YES;
				IPHONEOS_DEPLOYMENT_TARGET = 9.3;
				MTL_ENABLE_DEBUG_INFO = YES;
				ONLY_ACTIVE_ARCH = YES;
				SDKROOT = iphoneos;
			};
			name = Debug;
		};
		180208521CF03C9000E506FB /* Release */ = {
			isa = XCBuildConfiguration;
			buildSettings = {
				ALWAYS_SEARCH_USER_PATHS = NO;
				CLANG_ANALYZER_NONNULL = YES;
				CLANG_CXX_LANGUAGE_STANDARD = "gnu++0x";
				CLANG_CXX_LIBRARY = "libc++";
				CLANG_ENABLE_MODULES = YES;
				CLANG_ENABLE_OBJC_ARC = YES;
				CLANG_WARN_BOOL_CONVERSION = YES;
				CLANG_WARN_CONSTANT_CONVERSION = YES;
				CLANG_WARN_DIRECT_OBJC_ISA_USAGE = YES_ERROR;
				CLANG_WARN_EMPTY_BODY = YES;
				CLANG_WARN_ENUM_CONVERSION = YES;
				CLANG_WARN_INT_CONVERSION = YES;
				CLANG_WARN_OBJC_ROOT_CLASS = YES_ERROR;
				CLANG_WARN_UNREACHABLE_CODE = YES;
				CLANG_WARN__DUPLICATE_METHOD_MATCH = YES;
				"CODE_SIGN_IDENTITY[sdk=iphoneos*]" = "iPhone Developer";
				COPY_PHASE_STRIP = NO;
				DEBUG_INFORMATION_FORMAT = "dwarf-with-dsym";
				ENABLE_NS_ASSERTIONS = NO;
				ENABLE_STRICT_OBJC_MSGSEND = YES;
				GCC_C_LANGUAGE_STANDARD = gnu99;
				GCC_NO_COMMON_BLOCKS = YES;
				GCC_WARN_64_TO_32_BIT_CONVERSION = YES;
				GCC_WARN_ABOUT_RETURN_TYPE = YES_ERROR;
				GCC_WARN_UNDECLARED_SELECTOR = YES;
				GCC_WARN_UNINITIALIZED_AUTOS = YES_AGGRESSIVE;
				GCC_WARN_UNUSED_FUNCTION = YES;
				GCC_WARN_UNUSED_VARIABLE = YES;
				IPHONEOS_DEPLOYMENT_TARGET = 9.3;
				MTL_ENABLE_DEBUG_INFO = NO;
				SDKROOT = iphoneos;
				VALIDATE_PRODUCT = YES;
			};
			name = Release;
		};
		180208541CF03C9000E506FB /* Debug */ = {
			isa = XCBuildConfiguration;
			buildSettings = {
				ASSETCATALOG_COMPILER_APPICON_NAME = AppIcon;
				INFOPLIST_FILE = "自定义系统菜单控件/Info.plist";
				LD_RUNPATH_SEARCH_PATHS = "$(inherited) @executable_path/Frameworks";
				PRODUCT_BUNDLE_IDENTIFIER = "-23334.---------";
				PRODUCT_NAME = "$(TARGET_NAME)";
			};
			name = Debug;
		};
		180208551CF03C9000E506FB /* Release */ = {
			isa = XCBuildConfiguration;
			buildSettings = {
				ASSETCATALOG_COMPILER_APPICON_NAME = AppIcon;
				INFOPLIST_FILE = "自定义系统菜单控件/Info.plist";
				LD_RUNPATH_SEARCH_PATHS = "$(inherited) @executable_path/Frameworks";
				PRODUCT_BUNDLE_IDENTIFIER = "-23334.---------";
				PRODUCT_NAME = "$(TARGET_NAME)";
			};
			name = Release;
		};
/* End XCBuildConfiguration section */

/* Begin XCConfigurationList section */
		180208371CF03C9000E506FB /* Build configuration list for PBXProject "自定义系统菜单控件" */ = {
			isa = XCConfigurationList;
			buildConfigurations = (
				180208511CF03C9000E506FB /* Debug */,
				180208521CF03C9000E506FB /* Release */,
			);
			defaultConfigurationIsVisible = 0;
			defaultConfigurationName = Release;
		};
		180208531CF03C9000E506FB /* Build configuration list for PBXNativeTarget "自定义系统菜单控件" */ = {
			isa = XCConfigurationList;
			buildConfigurations = (
				180208541CF03C9000E506FB /* Debug */,
				180208551CF03C9000E506FB /* Release */,
			);
			defaultConfigurationIsVisible = 0;
		};
/* End XCConfigurationList section */
	};
	rootObject = 180208341CF03C9000E506FB /* Project object */;
}
